Microsoft Visual Studio Solution File, Format Version 12.00
# Visual Studio Version 17
VisualStudioVersion = 17.5.2.0
MinimumVisualStudioVersion = 10.0.40219.1
Project("{FAE04EC0-301F-11D3-BF4B-00C04F79EFBC}") = "community_db", "community_db.csproj", "{2FF7EF18-FF83-6E6D-5D83-12911D9C0AA3}"
EndProject
Global
	GlobalSection(SolutionConfigurationPlatforms) = preSolution
		Debug|Any CPU = Debug|Any CPU
		Release|Any CPU = Release|Any CPU
	EndGlobalSection
	GlobalSection(ProjectConfigurationPlatforms) = postSolution
		{2FF7EF18-FF83-6E6D-5D83-12911D9C0AA3}.Debug|Any CPU.ActiveCfg = Debug|Any CPU
		{2FF7EF18-FF83-6E6D-5D83-12911D9C0AA3}.Debug|Any CPU.Build.0 = Debug|Any CPU
		{2FF7EF18-FF83-6E6D-5D83-12911D9C0AA3}.Release|Any CPU.ActiveCfg = Release|Any CPU
		{2FF7EF18-FF83-6E6D-5D83-12911D9C0AA3}.Release|Any CPU.Build.0 = Release|Any CPU
	EndGlobalSection
	GlobalSection(SolutionProperties) = preSolution
		HideSolutionNode = FALSE
	EndGlobalSection
	GlobalSection(ExtensibilityGlobals) = postSolution
		SolutionGuid = {FE0A6F6B-981B-4F28-BCED-9A7D5E6C0086}
	EndGlobalSection
EndGlobal
